Microsoft Visual Studio Solution File, Format Version 12.00
# Visual Studio Version 17
VisualStudioVersion = 17.5.2.0
MinimumVisualStudioVersion = 10.0.40219.1
Project("{2150E333-8FDC-42A3-9474-1A3956D46DE8}") = "Core", "Core", "{FBF56CC3-7AE6-AD2D-3F14-7F97FD322CD6}"
EndProject
Project("{2150E333-8FDC-42A3-9474-1A3956D46DE8}") = "External", "External", "{A288BEE0-695A-BEEA-455C-649571D89326}"
EndProject
Project("{FAE04EC0-301F-11D3-BF4B-00C04F79EFBC}") = "Maxiprod.Application", "Core\Maxiprod.Application\Maxiprod.Application.csproj", "{B73080C5-3DC2-14B5-D250-512157972D0D}"
EndProject
Project("{FAE04EC0-301F-11D3-BF4B-00C04F79EFBC}") = "Maxiprod.Domain", "Core\Maxiprod.Domain\Maxiprod.Domain.csproj", "{26A8D5C8-53DD-F1E4-B968-1BE3F7358C54}"
EndProject
Project("{FAE04EC0-301F-11D3-BF4B-00C04F79EFBC}") = "Maxiprod.Infrastructure", "External\Maxiprod.Infrastructure\Maxiprod.Infrastructure.csproj", "{0BB3587C-C283-AA95-FFDB-71AC4425513A}"
EndProject
Project("{FAE04EC0-301F-11D3-BF4B-00C04F79EFBC}") = "Maxiprod.UI", "External\Maxiprod.UI\Maxiprod.UI.csproj", "{28D66EE9-2EB4-D31A-DF86-964A0EB05382}"
EndProject
Global
	GlobalSection(SolutionConfigurationPlatforms) = preSolution
		Debug|Any CPU = Debug|Any CPU
		Release|Any CPU = Release|Any CPU
	EndGlobalSection
	GlobalSection(ProjectConfigurationPlatforms) = postSolution
		{B73080C5-3DC2-14B5-D250-512157972D0D}.Debug|Any CPU.ActiveCfg = Debug|Any CPU
		{B73080C5-3DC2-14B5-D250-512157972D0D}.Debug|Any CPU.Build.0 = Debug|Any CPU
		{B73080C5-3DC2-14B5-D250-512157972D0D}.Release|Any CPU.ActiveCfg = Release|Any CPU
		{B73080C5-3DC2-14B5-D250-512157972D0D}.Release|Any CPU.Build.0 = Release|Any CPU
		{26A8D5C8-53DD-F1E4-B968-1BE3F7358C54}.Debug|Any CPU.ActiveCfg = Debug|Any CPU
		{26A8D5C8-53DD-F1E4-B968-1BE3F7358C54}.Debug|Any CPU.Build.0 = Debug|Any CPU
		{26A8D5C8-53DD-F1E4-B968-1BE3F7358C54}.Release|Any CPU.ActiveCfg = Release|Any CPU
		{26A8D5C8-53DD-F1E4-B968-1BE3F7358C54}.Release|Any CPU.Build.0 = Release|Any CPU
		{0BB3587C-C283-AA95-FFDB-71AC4425513A}.Debug|Any CPU.ActiveCfg = Debug|Any CPU
		{0BB3587C-C283-AA95-FFDB-71AC4425513A}.Debug|Any CPU.Build.0 = Debug|Any CPU
		{0BB3587C-C283-AA95-FFDB-71AC4425513A}.Release|Any CPU.ActiveCfg = Release|Any CPU
		{0BB3587C-C283-AA95-FFDB-71AC4425513A}.Release|Any CPU.Build.0 = Release|Any CPU
		{28D66EE9-2EB4-D31A-DF86-964A0EB05382}.Debug|Any CPU.ActiveCfg = Debug|Any CPU
		{28D66EE9-2EB4-D31A-DF86-964A0EB05382}.Debug|Any CPU.Build.0 = Debug|Any CPU
		{28D66EE9-2EB4-D31A-DF86-964A0EB05382}.Release|Any CPU.ActiveCfg = Release|Any CPU
		{28D66EE9-2EB4-D31A-DF86-964A0EB05382}.Release|Any CPU.Build.0 = Release|Any CPU
	EndGlobalSection
	GlobalSection(SolutionProperties) = preSolution
		HideSolutionNode = FALSE
	EndGlobalSection
	GlobalSection(NestedProjects) = preSolution
		{B73080C5-3DC2-14B5-D250-512157972D0D} = {FBF56CC3-7AE6-AD2D-3F14-7F97FD322CD6}
		{26A8D5C8-53DD-F1E4-B968-1BE3F7358C54} = {FBF56CC3-7AE6-AD2D-3F14-7F97FD322CD6}
		{0BB3587C-C283-AA95-FFDB-71AC4425513A} = {A288BEE0-695A-BEEA-455C-649571D89326}
		{28D66EE9-2EB4-D31A-DF86-964A0EB05382} = {A288BEE0-695A-BEEA-455C-649571D89326}
	EndGlobalSection
	GlobalSection(ExtensibilityGlobals) = postSolution
		SolutionGuid = {8DF7F40D-DE92-4F57-910E-263D623067A9}
	EndGlobalSection
EndGlobal
